
Microsoft Visual Studio Solution File, Format Version 12.00
# Visual Studio Version 17
VisualStudioVersion = 17.9.34728.123
MinimumVisualStudioVersion = 10.0.40219.1
Project("{FAE04EC0-301F-11D3-BF4B-00C04F79EFBC}") = "MeteorShower_MonoGame_CP", "MeteorShower_MonoGame_CP.csproj", "{B9A963DE-D963-4BCF-9055-06797B53A2CF}"
EndProject
Global
	GlobalSection(SolutionConfigurationPlatforms) = preSolution
		Debug|Any CPU = Debug|Any CPU
		Release|Any CPU = Release|Any CPU
	EndGlobalSection
	GlobalSection(ProjectConfigurationPlatforms) = postSolution
		{B9A963DE-D963-4BCF-9055-06797B53A2CF}.Debug|Any CPU.ActiveCfg = Debug|Any CPU
		{B9A963DE-D963-4BCF-9055-06797B53A2CF}.Debug|Any CPU.Build.0 = Debug|Any CPU
		{B9A963DE-D963-4BCF-9055-06797B53A2CF}.Release|Any CPU.ActiveCfg = Release|Any CPU
		{B9A963DE-D963-4BCF-9055-06797B53A2CF}.Release|Any CPU.Build.0 = Release|Any CPU
	EndGlobalSection
	GlobalSection(SolutionProperties) = preSolution
		HideSolutionNode = FALSE
	EndGlobalSection
	GlobalSection(ExtensibilityGlobals) = postSolution
		SolutionGuid = {AF2DCEA6-683A-45D8-89E5-C518503D1A89}
	EndGlobalSection
EndGlobal
